Microsoft Visual Studio Solution File, Format Version 11.00
# Visual Studio 2008

Project("{5756E88F-0062-90BE-DDB9-4C7C7BDFBD2B}") = "2d planets -gravity - Copy", "Assembly-CSharp.csproj", "{20CE0A93-2BCF-8757-97B9-8494A11C6F8D}"
EndProject
Global
	GlobalSection(SolutionConfigurationPlatforms) = preSolution
		Debug|Any CPU = Debug|Any CPU
		Release|Any CPU = Release|Any CPU
	EndGlobalSection
	GlobalSection(ProjectConfigurationPlatforms) = postSolution
		{20CE0A93-2BCF-8757-97B9-8494A11C6F8D}.Debug|Any CPU.ActiveCfg = Debug|Any CPU
		{20CE0A93-2BCF-8757-97B9-8494A11C6F8D}.Debug|Any CPU.Build.0 = Debug|Any CPU
		{20CE0A93-2BCF-8757-97B9-8494A11C6F8D}.Release|Any CPU.ActiveCfg = Release|Any CPU
		{20CE0A93-2BCF-8757-97B9-8494A11C6F8D}.Release|Any CPU.Build.0 = Release|Any CPU
	EndGlobalSection
	GlobalSection(SolutionProperties) = preSolution
		HideSolutionNode = FALSE
	EndGlobalSection
	GlobalSection(MonoDevelopProperties) = preSolution
		StartupItem = Assembly-CSharp.csproj
		Policies = $0
		$0.TextStylePolicy = $1
		$1.inheritsSet = null
		$1.scope = text/x-csharp
		$0.CSharpFormattingPolicy = $2
		$2.inheritsSet = Mono
		$2.inheritsScope = text/x-csharp
		$2.scope = text/x-csharp
		$0.TextStylePolicy = $3
		$3.FileWidth = 120
		$3.TabWidth = 4
		$3.IndentWidth = 4
		$3.EolMarker = Unix
		$3.inheritsSet = Mono
		$3.inheritsScope = text/plain
		$3.scope = text/plain
	EndGlobalSection
EndGlobal
